{
  "version": "2",
  "remote": {
    "https://deno.land/std@0.179.0/async/abortable.ts": "73acfb3ed7261ce0d930dbe89e43db8d34e017b063cf0eaa7d215477bf53442e",
    "https://deno.land/std@0.179.0/async/deadline.ts": "c5facb0b404eede83e38bd2717ea8ab34faa2ffb20ef87fd261fcba32ba307aa",
    "https://deno.land/std@0.179.0/async/debounce.ts": "adab11d04ca38d699444ac8a9d9856b4155e8dda2afd07ce78276c01ea5a4332",
    "https://deno.land/std@0.179.0/async/deferred.ts": "42790112f36a75a57db4a96d33974a936deb7b04d25c6084a9fa8a49f135def8",
    "https://deno.land/std@0.179.0/async/delay.ts": "73aa04cec034c84fc748c7be49bb15cac3dd43a57174bfdb7a4aec22c248f0dd",
    "https://deno.land/std@0.179.0/async/mod.ts": "f04344fa21738e5ad6bea37a6bfffd57c617c2d372bb9f9dcfd118a1b622e576",
    "https://deno.land/std@0.179.0/async/mux_async_iterator.ts": "70c7f2ee4e9466161350473ad61cac0b9f115cff4c552eaa7ef9d50c4cbb4cc9",
    "https://deno.land/std@0.179.0/async/pool.ts": "fd082bd4aaf26445909889435a5c74334c017847842ec035739b4ae637ae8260",
    "https://deno.land/std@0.179.0/async/retry.ts": "5efa3ba450ac0c07a40a82e2df296287b5013755d232049efd7ea2244f15b20f",
    "https://deno.land/std@0.179.0/async/tee.ts": "47e42d35f622650b02234d43803d0383a89eb4387e1b83b5a40106d18ae36757",
    "https://deno.land/std@0.179.0/http/server.ts": "cbb17b594651215ba95c01a395700684e569c165a567e4e04bba327f41197433",
    "https://esm.sh/stable/react@18.2.0/deno/jsx-runtime.js": "27248626276a6eb9c0db1e7bea475c6999aaa82070b9dfe0b44bdcdda56212fd",
    "https://esm.sh/stable/react@18.2.0/deno/react.js": "99f4a29109464569449be1002a828827c6dc9d7a386d28da012c29ba4cc88abd",
    "https://esm.sh/v111/@types/prop-types@15.7.5/index.d.ts": "6a386ff939f180ae8ef064699d8b7b6e62bc2731a62d7fbf5e02589383838dea",
    "https://esm.sh/v111/@types/react@18.0.26/global.d.ts": "bbdf156fea2fabed31a569445835aeedcc33643d404fcbaa54541f06c109df3f",
    "https://esm.sh/v111/@types/react@18.0.26/index.d.ts": "bb01db1b434ece658ae4da2a91c855f5ce823bdad82d8a0265e325aa12193450",
    "https://esm.sh/v111/@types/scheduler@0.16.2/tracing.d.ts": "f5a8b384f182b3851cec3596ccc96cb7464f8d3469f48c74bf2befb782a19de5",
    "https://esm.sh/v111/csstype@3.1.1/index.d.ts": "1c29793071152b207c01ea1954e343be9a44d85234447b2b236acae9e709a383",
    "https://esm.sh/v111/react@18.2.0": "84aa07282d2f3c843f7d56daeae0be41ceae768391c4418f7358dd64e8fe4eca",
    "https://esm.sh/v111/react@18.2.0/jsx-runtime": "8e5e22ae56773ef989a95772b9b9f6d4e5d7891f2d20875c25e51015df018f7c"
  },
  "npm": {
    "specifiers": {
      "esbuild@0.17.11": "esbuild@0.17.11",
      "react-server-dom-webpack@0.0.0-experimental-b72ed698f-20230303": "react-server-dom-webpack@0.0.0-experimental-b72ed698f-20230303_react@0.0.0-experimental-b72ed698f-20230303_react-dom@0.0.0-experimental-b72ed698f-20230303__react@0.0.0-experimental-b72ed698f-20230303_webpack@5.76.1__acorn@8.8.2"
    },
    "packages": {
      "@esbuild/android-arm64@0.17.11": {
        "integrity": "sha512-QnK4d/zhVTuV4/pRM4HUjcsbl43POALU2zvBynmrrqZt9LPcLA3x1fTZPBg2RRguBQnJcnU059yKr+bydkntjg==",
        "dependencies": {}
      },
      "@esbuild/android-arm@0.17.11": {
        "integrity": "sha512-CdyX6sRVh1NzFCsf5vw3kULwlAhfy9wVt8SZlrhQ7eL2qBjGbFhRBWkkAzuZm9IIEOCKJw4DXA6R85g+qc8RDw==",
        "dependencies": {}
      },
      "@esbuild/android-x64@0.17.11": {
        "integrity": "sha512-3PL3HKtsDIXGQcSCKtWD/dy+mgc4p2Tvo2qKgKHj9Yf+eniwFnuoQ0OUhlSfAEpKAFzF9N21Nwgnap6zy3L3MQ==",
        "dependencies": {}
      },
      "@esbuild/darwin-arm64@0.17.11": {
        "integrity": "sha512-pJ950bNKgzhkGNO3Z9TeHzIFtEyC2GDQL3wxkMApDEghYx5Qers84UTNc1bAxWbRkuJOgmOha5V0WUeh8G+YGw==",
        "dependencies": {}
      },
      "@esbuild/darwin-x64@0.17.11": {
        "integrity": "sha512-iB0dQkIHXyczK3BZtzw1tqegf0F0Ab5texX2TvMQjiJIWXAfM4FQl7D909YfXWnB92OQz4ivBYQ2RlxBJrMJOw==",
        "dependencies": {}
      },
      "@esbuild/freebsd-arm64@0.17.11": {
        "integrity": "sha512-7EFzUADmI1jCHeDRGKgbnF5sDIceZsQGapoO6dmw7r/ZBEKX7CCDnIz8m9yEclzr7mFsd+DyasHzpjfJnmBB1Q==",
        "dependencies": {}
      },
      "@esbuild/freebsd-x64@0.17.11": {
        "integrity": "sha512-iPgenptC8i8pdvkHQvXJFzc1eVMR7W2lBPrTE6GbhR54sLcF42mk3zBOjKPOodezzuAz/KSu8CPyFSjcBMkE9g==",
        "dependencies": {}
      },
      "@esbuild/linux-arm64@0.17.11": {
        "integrity": "sha512-Qxth3gsWWGKz2/qG2d5DsW/57SeA2AmpSMhdg9TSB5Svn2KDob3qxfQSkdnWjSd42kqoxIPy3EJFs+6w1+6Qjg==",
        "dependencies": {}
      },
      "@esbuild/linux-arm@0.17.11": {
        "integrity": "sha512-M9iK/d4lgZH0U5M1R2p2gqhPV/7JPJcRz+8O8GBKVgqndTzydQ7B2XGDbxtbvFkvIs53uXTobOhv+RyaqhUiMg==",
        "dependencies": {}
      },
      "@esbuild/linux-ia32@0.17.11": {
        "integrity": "sha512-dB1nGaVWtUlb/rRDHmuDQhfqazWE0LMro/AIbT2lWM3CDMHJNpLckH+gCddQyhhcLac2OYw69ikUMO34JLt3wA==",
        "dependencies": {}
      },
      "@esbuild/linux-loong64@0.17.11": {
        "integrity": "sha512-aCWlq70Q7Nc9WDnormntGS1ar6ZFvUpqr8gXtO+HRejRYPweAFQN615PcgaSJkZjhHp61+MNLhzyVALSF2/Q0g==",
        "dependencies": {}
      },
      "@esbuild/linux-mips64el@0.17.11": {
        "integrity": "sha512-cGeGNdQxqY8qJwlYH1BP6rjIIiEcrM05H7k3tR7WxOLmD1ZxRMd6/QIOWMb8mD2s2YJFNRuNQ+wjMhgEL2oCEw==",
        "dependencies": {}
      },
      "@esbuild/linux-ppc64@0.17.11": {
        "integrity": "sha512-BdlziJQPW/bNe0E8eYsHB40mYOluS+jULPCjlWiHzDgr+ZBRXPtgMV1nkLEGdpjrwgmtkZHEGEPaKdS/8faLDA==",
        "dependencies": {}
      },
      "@esbuild/linux-riscv64@0.17.11": {
        "integrity": "sha512-MDLwQbtF+83oJCI1Cixn68Et/ME6gelmhssPebC40RdJaect+IM+l7o/CuG0ZlDs6tZTEIoxUe53H3GmMn8oMA==",
        "dependencies": {}
      },
      "@esbuild/linux-s390x@0.17.11": {
        "integrity": "sha512-4N5EMESvws0Ozr2J94VoUD8HIRi7X0uvUv4c0wpTHZyZY9qpaaN7THjosdiW56irQ4qnJ6Lsc+i+5zGWnyqWqQ==",
        "dependencies": {}
      },
      "@esbuild/linux-x64@0.17.11": {
        "integrity": "sha512-rM/v8UlluxpytFSmVdbCe1yyKQd/e+FmIJE2oPJvbBo+D0XVWi1y/NQ4iTNx+436WmDHQBjVLrbnAQLQ6U7wlw==",
        "dependencies": {}
      },
      "@esbuild/netbsd-x64@0.17.11": {
        "integrity": "sha512-4WaAhuz5f91h3/g43VBGdto1Q+X7VEZfpcWGtOFXnggEuLvjV+cP6DyLRU15IjiU9fKLLk41OoJfBFN5DhPvag==",
        "dependencies": {}
      },
      "@esbuild/openbsd-x64@0.17.11": {
        "integrity": "sha512-UBj135Nx4FpnvtE+C8TWGp98oUgBcmNmdYgl5ToKc0mBHxVVqVE7FUS5/ELMImOp205qDAittL6Ezhasc2Ev/w==",
        "dependencies": {}
      },
      "@esbuild/sunos-x64@0.17.11": {
        "integrity": "sha512-1/gxTifDC9aXbV2xOfCbOceh5AlIidUrPsMpivgzo8P8zUtczlq1ncFpeN1ZyQJ9lVs2hILy1PG5KPp+w8QPPg==",
        "dependencies": {}
      },
      "@esbuild/win32-arm64@0.17.11": {
        "integrity": "sha512-vtSfyx5yRdpiOW9yp6Ax0zyNOv9HjOAw8WaZg3dF5djEHKKm3UnoohftVvIJtRh0Ec7Hso0RIdTqZvPXJ7FdvQ==",
        "dependencies": {}
      },
      "@esbuild/win32-ia32@0.17.11": {
        "integrity": "sha512-GFPSLEGQr4wHFTiIUJQrnJKZhZjjq4Sphf+mM76nQR6WkQn73vm7IsacmBRPkALfpOCHsopSvLgqdd4iUW2mYw==",
        "dependencies": {}
      },
      "@esbuild/win32-x64@0.17.11": {
        "integrity": "sha512-N9vXqLP3eRL8BqSy8yn4Y98cZI2pZ8fyuHx6lKjiG2WABpT2l01TXdzq5Ma2ZUBzfB7tx5dXVhge8X9u0S70ZQ==",
        "dependencies": {}
      },
      "@jridgewell/gen-mapping@0.3.2": {
        "integrity": "sha512-mh65xKQAzI6iBcFzwv28KVWSmCkdRBWoOh+bYQGW3+6OZvbbN3TqMGo5hqYxQniRcH9F2VZIoJCm4pa3BPDK/A==",
        "dependencies": {
          "@jridgewell/set-array": "@jridgewell/set-array@1.1.2",
          "@jridgewell/sourcemap-codec": "@jridgewell/sourcemap-codec@1.4.14",
          "@jridgewell/trace-mapping": "@jridgewell/trace-mapping@0.3.17"
        }
      },
      "@jridgewell/resolve-uri@3.1.0": {
        "integrity": "sha512-F2msla3tad+Mfht5cJq7LSXcdudKTWCVYUgw6pLFOOHSTtZlj6SWNYAp+AhuqLmWdBO2X5hPrLcu8cVP8fy28w==",
        "dependencies": {}
      },
      "@jridgewell/set-array@1.1.2": {
        "integrity": "sha512-xnkseuNADM0gt2bs+BvhO0p78Mk762YnZdsuzFV018NoG1Sj1SCQvpSqa7XUaTam5vAGasABV9qXASMKnFMwMw==",
        "dependencies": {}
      },
      "@jridgewell/source-map@0.3.2": {
        "integrity": "sha512-m7O9o2uR8k2ObDysZYzdfhb08VuEml5oWGiosa1VdaPZ/A6QyPkAJuwN0Q1lhULOf6B7MtQmHENS743hWtCrgw==",
        "dependencies": {
          "@jridgewell/gen-mapping": "@jridgewell/gen-mapping@0.3.2",
          "@jridgewell/trace-mapping": "@jridgewell/trace-mapping@0.3.17"
        }
      },
      "@jridgewell/sourcemap-codec@1.4.14": {
        "integrity": "sha512-XPSJHWmi394fuUuzDnGz1wiKqWfo1yXecHQMRf2l6hztTO+nPru658AyDngaBe7isIxEkRsPR3FZh+s7iVa4Uw==",
        "dependencies": {}
      },
      "@jridgewell/trace-mapping@0.3.17": {
        "integrity": "sha512-MCNzAp77qzKca9+W/+I0+sEpaUnZoeasnghNeVc41VZCEKaCH73Vq3BZZ/SzWIgrqE4H4ceI+p+b6C0mHf9T4g==",
        "dependencies": {
          "@jridgewell/resolve-uri": "@jridgewell/resolve-uri@3.1.0",
          "@jridgewell/sourcemap-codec": "@jridgewell/sourcemap-codec@1.4.14"
        }
      },
      "@types/eslint-scope@3.7.4": {
        "integrity": "sha512-9K4zoImiZc3HlIp6AVUDE4CWYx22a+lhSZMYNpbjW04+YF0KWj4pJXnEMjdnFTiQibFFmElcsasJXDbdI/EPhA==",
        "dependencies": {
          "@types/eslint": "@types/eslint@8.21.1",
          "@types/estree": "@types/estree@0.0.51"
        }
      },
      "@types/eslint@8.21.1": {
        "integrity": "sha512-rc9K8ZpVjNcLs8Fp0dkozd5Pt2Apk1glO4Vgz8ix1u6yFByxfqo5Yavpy65o+93TAe24jr7v+eSBtFLvOQtCRQ==",
        "dependencies": {
          "@types/estree": "@types/estree@0.0.51",
          "@types/json-schema": "@types/json-schema@7.0.11"
        }
      },
      "@types/estree@0.0.51": {
        "integrity": "sha512-CuPgU6f3eT/XgKKPqKd/gLZV1Xmvf1a2R5POBOGQa6uv82xpls89HU5zKeVoyR8XzHd1RGNOlQlvUe3CFkjWNQ==",
        "dependencies": {}
      },
      "@types/json-schema@7.0.11": {
        "integrity": "sha512-wOuvG1SN4Us4rez+tylwwwCV1psiNVOkJeM3AUWUNWg/jDQY2+HE/444y5gc+jBmRqASOm2Oeh5c1axHobwRKQ==",
        "dependencies": {}
      },
      "@types/node@18.15.0": {
        "integrity": "sha512-z6nr0TTEOBGkzLGmbypWOGnpSpSIBorEhC4L+4HeQ2iezKCi4f77kyslRwvHeNitymGQ+oFyIWGP96l/DPSV9w==",
        "dependencies": {}
      },
      "@webassemblyjs/ast@1.11.1": {
        "integrity": "sha512-ukBh14qFLjxTQNTXocdyksN5QdM28S1CxHt2rdskFyL+xFV7VremuBLVbmCePj+URalXBENx/9Lm7lnhihtCSw==",
        "dependencies": {
          "@webassemblyjs/helper-numbers": "@webassemblyjs/helper-numbers@1.11.1",
          "@webassemblyjs/helper-wasm-bytecode": "@webassemblyjs/helper-wasm-bytecode@1.11.1"
        }
      },
      "@webassemblyjs/floating-point-hex-parser@1.11.1": {
        "integrity": "sha512-iGRfyc5Bq+NnNuX8b5hwBrRjzf0ocrJPI6GWFodBFzmFnyvrQ83SHKhmilCU/8Jv67i4GJZBMhEzltxzcNagtQ==",
        "dependencies": {}
      },
      "@webassemblyjs/helper-api-error@1.11.1": {
        "integrity": "sha512-RlhS8CBCXfRUR/cwo2ho9bkheSXG0+NwooXcc3PAILALf2QLdFyj7KGsKRbVc95hZnhnERon4kW/D3SZpp6Tcg==",
        "dependencies": {}
      },
      "@webassemblyjs/helper-buffer@1.11.1": {
        "integrity": "sha512-gwikF65aDNeeXa8JxXa2BAk+REjSyhrNC9ZwdT0f8jc4dQQeDQ7G4m0f2QCLPJiMTTO6wfDmRmj/pW0PsUvIcA==",
        "dependencies": {}
      },
      "@webassemblyjs/helper-numbers@1.11.1": {
        "integrity": "sha512-vDkbxiB8zfnPdNK9Rajcey5C0w+QJugEglN0of+kmO8l7lDb77AnlKYQF7aarZuCrv+l0UvqL+68gSDr3k9LPQ==",
        "dependencies": {
          "@webassemblyjs/floating-point-hex-parser": "@webassemblyjs/floating-point-hex-parser@1.11.1",
          "@webassemblyjs/helper-api-error": "@webassemblyjs/helper-api-error@1.11.1",
          "@xtuc/long": "@xtuc/long@4.2.2"
        }
      },
      "@webassemblyjs/helper-wasm-bytecode@1.11.1": {
        "integrity": "sha512-PvpoOGiJwXeTrSf/qfudJhwlvDQxFgelbMqtq52WWiXC6Xgg1IREdngmPN3bs4RoO83PnL/nFrxucXj1+BX62Q==",
        "dependencies": {}
      },
      "@webassemblyjs/helper-wasm-section@1.11.1": {
        "integrity": "sha512-10P9No29rYX1j7F3EVPX3JvGPQPae+AomuSTPiF9eBQeChHI6iqjMIwR9JmOJXwpnn/oVGDk7I5IlskuMwU/pg==",
        "dependencies": {
          "@webassemblyjs/ast": "@webassemblyjs/ast@1.11.1",
          "@webassemblyjs/helper-buffer": "@webassemblyjs/helper-buffer@1.11.1",
          "@webassemblyjs/helper-wasm-bytecode": "@webassemblyjs/helper-wasm-bytecode@1.11.1",
          "@webassemblyjs/wasm-gen": "@webassemblyjs/wasm-gen@1.11.1"
        }
      },
      "@webassemblyjs/ieee754@1.11.1": {
        "integrity": "sha512-hJ87QIPtAMKbFq6CGTkZYJivEwZDbQUgYd3qKSadTNOhVY7p+gfP6Sr0lLRVTaG1JjFj+r3YchoqRYxNH3M0GQ==",
        "dependencies": {
          "@xtuc/ieee754": "@xtuc/ieee754@1.2.0"
        }
      },
      "@webassemblyjs/leb128@1.11.1": {
        "integrity": "sha512-BJ2P0hNZ0u+Th1YZXJpzW6miwqQUGcIHT1G/sf72gLVD9DZ5AdYTqPNbHZh6K1M5VmKvFXwGSWZADz+qBWxeRw==",
        "dependencies": {
          "@xtuc/long": "@xtuc/long@4.2.2"
        }
      },
      "@webassemblyjs/utf8@1.11.1": {
        "integrity": "sha512-9kqcxAEdMhiwQkHpkNiorZzqpGrodQQ2IGrHHxCy+Ozng0ofyMA0lTqiLkVs1uzTRejX+/O0EOT7KxqVPuXosQ==",
        "dependencies": {}
      },
      "@webassemblyjs/wasm-edit@1.11.1": {
        "integrity": "sha512-g+RsupUC1aTHfR8CDgnsVRVZFJqdkFHpsHMfJuWQzWU3tvnLC07UqHICfP+4XyL2tnr1amvl1Sdp06TnYCmVkA==",
        "dependencies": {
          "@webassemblyjs/ast": "@webassemblyjs/ast@1.11.1",
          "@webassemblyjs/helper-buffer": "@webassemblyjs/helper-buffer@1.11.1",
          "@webassemblyjs/helper-wasm-bytecode": "@webassemblyjs/helper-wasm-bytecode@1.11.1",
          "@webassemblyjs/helper-wasm-section": "@webassemblyjs/helper-wasm-section@1.11.1",
          "@webassemblyjs/wasm-gen": "@webassemblyjs/wasm-gen@1.11.1",
          "@webassemblyjs/wasm-opt": "@webassemblyjs/wasm-opt@1.11.1",
          "@webassemblyjs/wasm-parser": "@webassemblyjs/wasm-parser@1.11.1",
          "@webassemblyjs/wast-printer": "@webassemblyjs/wast-printer@1.11.1"
        }
      },
      "@webassemblyjs/wasm-gen@1.11.1": {
        "integrity": "sha512-F7QqKXwwNlMmsulj6+O7r4mmtAlCWfO/0HdgOxSklZfQcDu0TpLiD1mRt/zF25Bk59FIjEuGAIyn5ei4yMfLhA==",
        "dependencies": {
          "@webassemblyjs/ast": "@webassemblyjs/ast@1.11.1",
          "@webassemblyjs/helper-wasm-bytecode": "@webassemblyjs/helper-wasm-bytecode@1.11.1",
          "@webassemblyjs/ieee754": "@webassemblyjs/ieee754@1.11.1",
          "@webassemblyjs/leb128": "@webassemblyjs/leb128@1.11.1",
          "@webassemblyjs/utf8": "@webassemblyjs/utf8@1.11.1"
        }
      },
      "@webassemblyjs/wasm-opt@1.11.1": {
        "integrity": "sha512-VqnkNqnZlU5EB64pp1l7hdm3hmQw7Vgqa0KF/KCNO9sIpI6Fk6brDEiX+iCOYrvMuBWDws0NkTOxYEb85XQHHw==",
        "dependencies": {
          "@webassemblyjs/ast": "@webassemblyjs/ast@1.11.1",
          "@webassemblyjs/helper-buffer": "@webassemblyjs/helper-buffer@1.11.1",
          "@webassemblyjs/wasm-gen": "@webassemblyjs/wasm-gen@1.11.1",
          "@webassemblyjs/wasm-parser": "@webassemblyjs/wasm-parser@1.11.1"
        }
      },
      "@webassemblyjs/wasm-parser@1.11.1": {
        "integrity": "sha512-rrBujw+dJu32gYB7/Lup6UhdkPx9S9SnobZzRVL7VcBH9Bt9bCBLEuX/YXOOtBsOZ4NQrRykKhffRWHvigQvOA==",
        "dependencies": {
          "@webassemblyjs/ast": "@webassemblyjs/ast@1.11.1",
          "@webassemblyjs/helper-api-error": "@webassemblyjs/helper-api-error@1.11.1",
          "@webassemblyjs/helper-wasm-bytecode": "@webassemblyjs/helper-wasm-bytecode@1.11.1",
          "@webassemblyjs/ieee754": "@webassemblyjs/ieee754@1.11.1",
          "@webassemblyjs/leb128": "@webassemblyjs/leb128@1.11.1",
          "@webassemblyjs/utf8": "@webassemblyjs/utf8@1.11.1"
        }
      },
      "@webassemblyjs/wast-printer@1.11.1": {
        "integrity": "sha512-IQboUWM4eKzWW+N/jij2sRatKMh99QEelo3Eb2q0qXkvPRISAj8Qxtmw5itwqK+TTkBuUIE45AxYPToqPtL5gg==",
        "dependencies": {
          "@webassemblyjs/ast": "@webassemblyjs/ast@1.11.1",
          "@xtuc/long": "@xtuc/long@4.2.2"
        }
      },
      "@xtuc/ieee754@1.2.0": {
        "integrity": "sha512-DX8nKgqcGwsc0eJSqYt5lwP4DH5FlHnmuWWBRy7X0NcaGR0ZtuyeESgMwTYVEtxmsNGY+qit4QYT/MIYTOTPeA==",
        "dependencies": {}
      },
      "@xtuc/long@4.2.2": {
        "integrity": "sha512-NuHqBY1PB/D8xU6s/thBgOAiAP7HOYDQ32+BFZILJ8ivkUkAHQnWfn6WhL79Owj1qmUnoN/YPhktdIoucipkAQ==",
        "dependencies": {}
      },
      "acorn-import-assertions@1.8.0_acorn@8.8.2": {
        "integrity": "sha512-m7VZ3jwz4eK6A4Vtt8Ew1/mNbP24u0FhdyfA7fSvnJR6LMdfOYnmuIrrJAgrYfYJ10F/otaHTtrtrtmHdMNzEw==",
        "dependencies": {
          "acorn": "acorn@8.8.2"
        }
      },
      "acorn@6.4.2": {
        "integrity": "sha512-XtGIhXwF8YM8bJhGxG5kXgjkEuNGLTkoYqVE+KMR+aspr4KGYmKYg7yUe3KghyQ9yheNwLnjmzh/7+gfDBmHCQ==",
        "dependencies": {}
      },
      "acorn@8.8.2": {
        "integrity": "sha512-xjIYgE8HBrkpd/sJqOGNspf8uHG+NOHGOw6a/Urj8taM2EXfdNAH2oFcPeIFfsv3+kz/mJrS5VuMqbNLjCa2vw==",
        "dependencies": {}
      },
      "ajv-keywords@3.5.2_ajv@6.12.6": {
        "integrity": "sha512-5p6WTN0DdTGVQk6VjcEju19IgaHudalcfabD7yhDGeA6bcQnmL+CpveLJq/3hvfwd1aof6L386Ougkx6RfyMIQ==",
        "dependencies": {
          "ajv": "ajv@6.12.6"
        }
      },
      "ajv@6.12.6": {
        "integrity": "sha512-j3fVLgvTo527anyYyJOGTYJbG+vnnQYvE0m5mmkc1TK+nxAppkCLMIL0aZ4dblVCNoGShhm+kzE4ZUykBoMg4g==",
        "dependencies": {
          "fast-deep-equal": "fast-deep-equal@3.1.3",
          "fast-json-stable-stringify": "fast-json-stable-stringify@2.1.0",
          "json-schema-traverse": "json-schema-traverse@0.4.1",
          "uri-js": "uri-js@4.4.1"
        }
      },
      "browserslist@4.21.5": {
        "integrity": "sha512-tUkiguQGW7S3IhB7N+c2MV/HZPSCPAAiYBZXLsBhFB/PCy6ZKKsZrmBayHV9fdGV/ARIfJ14NkxKzRDjvp7L6w==",
        "dependencies": {
          "caniuse-lite": "caniuse-lite@1.0.30001464",
          "electron-to-chromium": "electron-to-chromium@1.4.328",
          "node-releases": "node-releases@2.0.10",
          "update-browserslist-db": "update-browserslist-db@1.0.10_browserslist@4.21.5"
        }
      },
      "buffer-from@1.1.2": {
        "integrity": "sha512-E+XQCRwSbaaiChtv6k6Dwgc+bx+Bs6vuKJHHl5kox/BaKbhiXzqQOwK4cO22yElGp2OCmjwVhT3HmxgyPGnJfQ==",
        "dependencies": {}
      },
      "caniuse-lite@1.0.30001464": {
        "integrity": "sha512-oww27MtUmusatpRpCGSOneQk2/l5czXANDSFvsc7VuOQ86s3ANhZetpwXNf1zY/zdfP63Xvjz325DAdAoES13g==",
        "dependencies": {}
      },
      "chrome-trace-event@1.0.3": {
        "integrity": "sha512-p3KULyQg4S7NIHixdwbGX+nFHkoBiA4YQmyWtjb8XngSKV124nJmRysgAeujbUVb15vh+RvFUfCPqU7rXk+hZg==",
        "dependencies": {}
      },
      "commander@2.20.3": {
        "integrity": "sha512-GpVkmM8vF2vQUkj2LvZmD35JxeJOLCwJ9cUkugyk2nuhbv3+mJvpLYYt+0+USMxE+oj+ey/lJEnhZw75x/OMcQ==",
        "dependencies": {}
      },
      "electron-to-chromium@1.4.328": {
        "integrity": "sha512-DE9tTy2PNmy1v55AZAO542ui+MLC2cvINMK4P2LXGsJdput/ThVG9t+QGecPuAZZSgC8XoI+Jh9M1OG9IoNSCw==",
        "dependencies": {}
      },
      "enhanced-resolve@5.12.0": {
        "integrity": "sha512-QHTXI/sZQmko1cbDoNAa3mJ5qhWUUNAq3vR0/YiD379fWQrcfuoX1+HW2S0MTt7XmoPLapdaDKUtelUSPic7hQ==",
        "dependencies": {
          "graceful-fs": "graceful-fs@4.2.10",
          "tapable": "tapable@2.2.1"
        }
      },
      "es-module-lexer@0.9.3": {
        "integrity": "sha512-1HQ2M2sPtxwnvOvT1ZClHyQDiggdNjURWpY2we6aMKCQiUVxTmVs2UYPLIrD84sS+kMdUwfBSylbJPwNnBrnHQ==",
        "dependencies": {}
      },
      "esbuild@0.17.11": {
        "integrity": "sha512-pAMImyokbWDtnA/ufPxjQg0fYo2DDuzAlqwnDvbXqHLphe+m80eF++perYKVm8LeTuj2zUuFXC+xgSVxyoHUdg==",
        "dependencies": {
          "@esbuild/android-arm": "@esbuild/android-arm@0.17.11",
          "@esbuild/android-arm64": "@esbuild/android-arm64@0.17.11",
          "@esbuild/android-x64": "@esbuild/android-x64@0.17.11",
          "@esbuild/darwin-arm64": "@esbuild/darwin-arm64@0.17.11",
          "@esbuild/darwin-x64": "@esbuild/darwin-x64@0.17.11",
          "@esbuild/freebsd-arm64": "@esbuild/freebsd-arm64@0.17.11",
          "@esbuild/freebsd-x64": "@esbuild/freebsd-x64@0.17.11",
          "@esbuild/linux-arm": "@esbuild/linux-arm@0.17.11",
          "@esbuild/linux-arm64": "@esbuild/linux-arm64@0.17.11",
          "@esbuild/linux-ia32": "@esbuild/linux-ia32@0.17.11",
          "@esbuild/linux-loong64": "@esbuild/linux-loong64@0.17.11",
          "@esbuild/linux-mips64el": "@esbuild/linux-mips64el@0.17.11",
          "@esbuild/linux-ppc64": "@esbuild/linux-ppc64@0.17.11",
          "@esbuild/linux-riscv64": "@esbuild/linux-riscv64@0.17.11",
          "@esbuild/linux-s390x": "@esbuild/linux-s390x@0.17.11",
          "@esbuild/linux-x64": "@esbuild/linux-x64@0.17.11",
          "@esbuild/netbsd-x64": "@esbuild/netbsd-x64@0.17.11",
          "@esbuild/openbsd-x64": "@esbuild/openbsd-x64@0.17.11",
          "@esbuild/sunos-x64": "@esbuild/sunos-x64@0.17.11",
          "@esbuild/win32-arm64": "@esbuild/win32-arm64@0.17.11",
          "@esbuild/win32-ia32": "@esbuild/win32-ia32@0.17.11",
          "@esbuild/win32-x64": "@esbuild/win32-x64@0.17.11"
        }
      },
      "escalade@3.1.1": {
        "integrity": "sha512-k0er2gUkLf8O0zKJiAhmkTnJlTvINGv7ygDNPbeIsX/TJjGJZHuh9B2UxbsaEkmlEo9MfhrSzmhIlhRlI2GXnw==",
        "dependencies": {}
      },
      "eslint-scope@5.1.1": {
        "integrity": "sha512-2NxwbF/hZ0KpepYN0cNbo+FN6XoK7GaHlQhgx/hIZl6Va0bF45RQOOwhLIy8lQDbuCiadSLCBnH2CFYquit5bw==",
        "dependencies": {
          "esrecurse": "esrecurse@4.3.0",
          "estraverse": "estraverse@4.3.0"
        }
      },
      "esrecurse@4.3.0": {
        "integrity": "sha512-KmfKL3b6G+RXvP8N1vr3Tq1kL/oCFgn2NYXEtqP8/L3pKapUA4G8cFVaoF3SU323CD4XypR/ffioHmkti6/Tag==",
        "dependencies": {
          "estraverse": "estraverse@5.3.0"
        }
      },
      "estraverse@4.3.0": {
        "integrity": "sha512-39nnKffWz8xN1BU/2c79n9nB9HDzo0niYUqx6xyqUnyoAnQyyWpOTdZEeiCch8BBu515t4wp9ZmgVfVhn9EBpw==",
        "dependencies": {}
      },
      "estraverse@5.3.0": {
        "integrity": "sha512-MMdARuVEQziNTeJD8DgMqmhwR11BRQ/cBP+pLtYdSTnf3MIO8fFeiINEbX36ZdNlfU/7A9f3gUw49B3oQsvwBA==",
        "dependencies": {}
      },
      "events@3.3.0": {
        "integrity": "sha512-mQw+2fkQbALzQ7V0MY0IqdnXNOeTtP4r0lN9z7AAawCXgqea7bDii20AYrIBrFd/Hx0M2Ocz6S111CaFkUcb0Q==",
        "dependencies": {}
      },
      "fast-deep-equal@3.1.3": {
        "integrity": "sha512-f3qQ9oQy9j2AhBe/H9VC91wLmKBCCU/gDOnKNAYG5hswO7BLKj09Hc5HYNz9cGI++xlpDCIgDaitVs03ATR84Q==",
        "dependencies": {}
      },
      "fast-json-stable-stringify@2.1.0": {
        "integrity": "sha512-lhd/wF+Lk98HZoTCtlVraHtfh5XYijIjalXck7saUtuanSDyLMxnHhSXEDJqHxD7msR8D0uCmqlkwjCV8xvwHw==",
        "dependencies": {}
      },
      "glob-to-regexp@0.4.1": {
        "integrity": "sha512-lkX1HJXwyMcprw/5YUZc2s7DrpAiHB21/V+E1rHUrVNokkvB6bqMzT0VfV6/86ZNabt1k14YOIaT7nDvOX3Iiw==",
        "dependencies": {}
      },
      "graceful-fs@4.2.10": {
        "integrity": "sha512-9ByhssR2fPVsNZj478qUUbKfmL0+t5BDVyjShtyZZLiK7ZDAArFFfopyOTj0M05wE2tJPisA4iTnnXl2YoPvOA==",
        "dependencies": {}
      },
      "has-flag@4.0.0": {
        "integrity": "sha512-EykJT/Q1KjTWctppgIAgfSO0tKVuZUjhgMr17kqTumMl6Afv3EISleU7qZUzoXDFTAHTDC4NOoG/ZxU3EvlMPQ==",
        "dependencies": {}
      },
      "jest-worker@27.5.1": {
        "integrity": "sha512-7vuh85V5cdDofPyxn58nrPjBktZo0u9x1g8WtjQol+jZDaE+fhN+cIvTj11GndBnMnyfrUOG1sZQxCdjKh+DKg==",
        "dependencies": {
          "@types/node": "@types/node@18.15.0",
          "merge-stream": "merge-stream@2.0.0",
          "supports-color": "supports-color@8.1.1"
        }
      },
      "js-tokens@4.0.0": {
        "integrity": "sha512-RdJUflcE3cUzKiMqQgsCu06FPu9UdIJO0beYbPhHN4k6apgJtifcoCtT9bcxOpYBtpD2kCM6Sbzg4CausW/PKQ==",
        "dependencies": {}
      },
      "json-parse-even-better-errors@2.3.1": {
        "integrity": "sha512-xyFwyhro/JEof6Ghe2iz2NcXoj2sloNsWr/XsERDK/oiPCfaNhl5ONfp+jQdAZRQQ0IJWNzH9zIZF7li91kh2w==",
        "dependencies": {}
      },
      "json-schema-traverse@0.4.1": {
        "integrity": "sha512-xbbCH5dCYU5T8LcEhhuh7HJ88HXuW3qsI3Y0zOZFKfZEHcpWiHU/Jxzk629Brsab/mMiHQti9wMP+845RPe3Vg==",
        "dependencies": {}
      },
      "loader-runner@4.3.0": {
        "integrity": "sha512-3R/1M+yS3j5ou80Me59j7F9IMs4PXs3VqRrm0TU3AbKPxlmpoY1TNscJV/oGJXo8qCatFGTfDbY6W6ipGOYXfg==",
        "dependencies": {}
      },
      "loose-envify@1.4.0": {
        "integrity": "sha512-lyuxPGr/Wfhrlem2CL/UcnUc1zcqKAImBDzukY7Y5F/yQiNdko6+fRLevlw1HgMySw7f611UIY408EtxRSoK3Q==",
        "dependencies": {
          "js-tokens": "js-tokens@4.0.0"
        }
      },
      "merge-stream@2.0.0": {
        "integrity": "sha512-abv/qOcuPfk3URPfDzmZU1LKmuw8kT+0nIHvKrKgFrwifol/doWcdA4ZqsWQ8ENrFKkd67Mfpo/LovbIUsbt3w==",
        "dependencies": {}
      },
      "mime-db@1.52.0": {
        "integrity": "sha512-sPU4uV7dYlvtWJxwwxHD0PuihVNiE7TyAbQ5SWxDCB9mUYvOgroQOwYQQOKPJ8CIbE+1ETVlOoK1UC2nU3gYvg==",
        "dependencies": {}
      },
      "mime-types@2.1.35": {
        "integrity": "sha512-ZDY+bPm5zTTF+YpCrAU9nK0UgICYPT0QtT1NZWFv4s++TNkcgVaT0g6+4R2uI4MjQjzysHB1zxuWL50hzaeXiw==",
        "dependencies": {
          "mime-db": "mime-db@1.52.0"
        }
      },
      "neo-async@2.6.2": {
        "integrity": "sha512-Yd3UES5mWCSqR+qNT93S3UoYUkqAZ9lLg8a7g9rimsWmYGK8cVToA4/sF3RrshdyV3sAGMXVUmpMYOw+dLpOuw==",
        "dependencies": {}
      },
      "node-releases@2.0.10": {
        "integrity": "sha512-5GFldHPXVG/YZmFzJvKK2zDSzPKhEp0+ZR5SVaoSag9fsL5YgHbUHDfnG5494ISANDcK4KwPXAx2xqVEydmd7w==",
        "dependencies": {}
      },
      "picocolors@1.0.0": {
        "integrity": "sha512-1fygroTLlHu66zi26VoTDv8yRgm0Fccecssto+MhsZ0D/DGW2sm8E8AjW7NU5VVTRt5GxbeZ5qBuJr+HyLYkjQ==",
        "dependencies": {}
      },
      "punycode@2.3.0": {
        "integrity": "sha512-rRV+zQD8tVFys26lAGR9WUuS4iUAngJScM+ZRSKtvl5tKeZ2t5bvdNFdNHBW9FWR4guGHlgmsZ1G7BSm2wTbuA==",
        "dependencies": {}
      },
      "randombytes@2.1.0": {
        "integrity": "sha512-vYl3iOX+4CKUWuxGi9Ukhie6fsqXqS9FE2Zaic4tNFD2N2QQaXOMFbuKK4QmDHC0JO6B1Zp41J0LpT0oR68amQ==",
        "dependencies": {
          "safe-buffer": "safe-buffer@5.2.1"
        }
      },
      "react-dom@0.0.0-experimental-b72ed698f-20230303_react@0.0.0-experimental-b72ed698f-20230303": {
        "integrity": "sha512-3DZnfFyWk1OeQjfsTlJv7nMaPTNNqbPmaovLFOO3Eshqevy7OYt2rME1+OR/0C6jm00rwDLqw/f1lM+wr+2ATQ==",
        "dependencies": {
          "loose-envify": "loose-envify@1.4.0",
          "react": "react@0.0.0-experimental-b72ed698f-20230303",
          "scheduler": "scheduler@0.0.0-experimental-b72ed698f-20230303"
        }
      },
      "react-server-dom-webpack@0.0.0-experimental-b72ed698f-20230303_react@0.0.0-experimental-b72ed698f-20230303_react-dom@0.0.0-experimental-b72ed698f-20230303__react@0.0.0-experimental-b72ed698f-20230303_webpack@5.76.1__acorn@8.8.2": {
        "integrity": "sha512-kw/HVGWb3jFmZEs5slfJ3EhmyIELivELs8ANvqU26CGNksz0Fj+k9xP+cWtKM3ZH8h2+tEPGLaewWpGEIo3/Qg==",
        "dependencies": {
          "acorn": "acorn@6.4.2",
          "loose-envify": "loose-envify@1.4.0",
          "neo-async": "neo-async@2.6.2",
          "react": "react@0.0.0-experimental-b72ed698f-20230303",
          "react-dom": "react-dom@0.0.0-experimental-b72ed698f-20230303_react@0.0.0-experimental-b72ed698f-20230303",
          "webpack": "webpack@5.76.1_acorn@8.8.2"
        }
      },
      "react@0.0.0-experimental-b72ed698f-20230303": {
        "integrity": "sha512-RJQ5+Pz8w9JoSBl9b4yfRbK00ARR09TduKc3fCCFFSKecdA9Psma3fytUeN+FsZ7BkyhjtXQA4uCcRecf8kxWw==",
        "dependencies": {
          "loose-envify": "loose-envify@1.4.0"
        }
      },
      "safe-buffer@5.2.1": {
        "integrity": "sha512-rp3So07KcdmmKbGvgaNxQSJr7bGVSVk5S9Eq1F+ppbRo70+YeaDxkw5Dd8NPN+GD6bjnYm2VuPuCXmpuYvmCXQ==",
        "dependencies": {}
      },
      "scheduler@0.0.0-experimental-b72ed698f-20230303": {
        "integrity": "sha512-P7ywOMNOPNHm7VdN14S4sxhIfegNF3RVHjLG74G9f5RtUj8H+unI3nhtqpchePwFGkDaBNGE/sutUjmaqonMHg==",
        "dependencies": {
          "loose-envify": "loose-envify@1.4.0"
        }
      },
      "schema-utils@3.1.1_ajv@6.12.6": {
        "integrity": "sha512-Y5PQxS4ITlC+EahLuXaY86TXfR7Dc5lw294alXOq86JAHCihAIZfqv8nNCWvaEJvaC51uN9hbLGeV0cFBdH+Fw==",
        "dependencies": {
          "@types/json-schema": "@types/json-schema@7.0.11",
          "ajv": "ajv@6.12.6",
          "ajv-keywords": "ajv-keywords@3.5.2_ajv@6.12.6"
        }
      },
      "serialize-javascript@6.0.1": {
        "integrity": "sha512-owoXEFjWRllis8/M1Q+Cw5k8ZH40e3zhp/ovX+Xr/vi1qj6QesbyXXViFbpNvWvPNAD62SutwEXavefrLJWj7w==",
        "dependencies": {
          "randombytes": "randombytes@2.1.0"
        }
      },
      "source-map-support@0.5.21": {
        "integrity": "sha512-uBHU3L3czsIyYXKX88fdrGovxdSCoTGDRZ6SYXtSRxLZUzHg5P/66Ht6uoUlHu9EZod+inXhKo3qQgwXUT/y1w==",
        "dependencies": {
          "buffer-from": "buffer-from@1.1.2",
          "source-map": "source-map@0.6.1"
        }
      },
      "source-map@0.6.1": {
        "integrity": "sha512-UjgapumWlbMhkBgzT7Ykc5YXUT46F0iKu8SGXq0bcwP5dz/h0Plj6enJqjz1Zbq2l5WaqYnrVbwWOWMyF3F47g==",
        "dependencies": {}
      },
      "supports-color@8.1.1": {
        "integrity": "sha512-MpUEN2OodtUzxvKQl72cUF7RQ5EiHsGvSsVG0ia9c5RbWGL2CI4C7EpPS8UTBIplnlzZiNuV56w+FuNxy3ty2Q==",
        "dependencies": {
          "has-flag": "has-flag@4.0.0"
        }
      },
      "tapable@2.2.1": {
        "integrity": "sha512-GNzQvQTOIP6RyTfE2Qxb8ZVlNmw0n88vp1szwWRimP02mnTsx3Wtn5qRdqY9w2XduFNUgvOwhNnQsjwCp+kqaQ==",
        "dependencies": {}
      },
      "terser-webpack-plugin@5.3.7_webpack@5.76.1__acorn@8.8.2": {
        "integrity": "sha512-AfKwIktyP7Cu50xNjXF/6Qb5lBNzYaWpU6YfoX3uZicTx0zTy0stDDCsvjDapKsSDvOeWo5MEq4TmdBy2cNoHw==",
        "dependencies": {
          "@jridgewell/trace-mapping": "@jridgewell/trace-mapping@0.3.17",
          "jest-worker": "jest-worker@27.5.1",
          "schema-utils": "schema-utils@3.1.1_ajv@6.12.6",
          "serialize-javascript": "serialize-javascript@6.0.1",
          "terser": "terser@5.16.6",
          "webpack": "webpack@5.76.1_acorn@8.8.2"
        }
      },
      "terser@5.16.6": {
        "integrity": "sha512-IBZ+ZQIA9sMaXmRZCUMDjNH0D5AQQfdn4WUjHL0+1lF4TP1IHRJbrhb6fNaXWikrYQTSkb7SLxkeXAiy1p7mbg==",
        "dependencies": {
          "@jridgewell/source-map": "@jridgewell/source-map@0.3.2",
          "acorn": "acorn@8.8.2",
          "commander": "commander@2.20.3",
          "source-map-support": "source-map-support@0.5.21"
        }
      },
      "update-browserslist-db@1.0.10_browserslist@4.21.5": {
        "integrity": "sha512-OztqDenkfFkbSG+tRxBeAnCVPckDBcvibKd35yDONx6OU8N7sqgwc7rCbkJ/WcYtVRZ4ba68d6byhC21GFh7sQ==",
        "dependencies": {
          "browserslist": "browserslist@4.21.5",
          "escalade": "escalade@3.1.1",
          "picocolors": "picocolors@1.0.0"
        }
      },
      "uri-js@4.4.1": {
        "integrity": "sha512-7rKUyy33Q1yc98pQ1DAmLtwX109F7TIfWlW1Ydo8Wl1ii1SeHieeh0HHfPeL2fMXK6z0s8ecKs9frCuLJvndBg==",
        "dependencies": {
          "punycode": "punycode@2.3.0"
        }
      },
      "watchpack@2.4.0": {
        "integrity": "sha512-Lcvm7MGST/4fup+ifyKi2hjyIAwcdI4HRgtvTpIUxBRhB+RFtUh8XtDOxUfctVCnhVi+QQj49i91OyvzkJl6cg==",
        "dependencies": {
          "glob-to-regexp": "glob-to-regexp@0.4.1",
          "graceful-fs": "graceful-fs@4.2.10"
        }
      },
      "webpack-sources@3.2.3": {
        "integrity": "sha512-/DyMEOrDgLKKIG0fmvtz+4dUX/3Ghozwgm6iPp8KRhvn+eQf9+Q7GWxVNMk3+uCPWfdXYC4ExGBckIXdFEfH1w==",
        "dependencies": {}
      },
      "webpack@5.76.1_acorn@8.8.2": {
        "integrity": "sha512-4+YIK4Abzv8172/SGqObnUjaIHjLEuUasz9EwQj/9xmPPkYJy2Mh03Q/lJfSD3YLzbxy5FeTq5Uw0323Oh6SJQ==",
        "dependencies": {
          "@types/eslint-scope": "@types/eslint-scope@3.7.4",
          "@types/estree": "@types/estree@0.0.51",
          "@webassemblyjs/ast": "@webassemblyjs/ast@1.11.1",
          "@webassemblyjs/wasm-edit": "@webassemblyjs/wasm-edit@1.11.1",
          "@webassemblyjs/wasm-parser": "@webassemblyjs/wasm-parser@1.11.1",
          "acorn": "acorn@8.8.2",
          "acorn-import-assertions": "acorn-import-assertions@1.8.0_acorn@8.8.2",
          "browserslist": "browserslist@4.21.5",
          "chrome-trace-event": "chrome-trace-event@1.0.3",
          "enhanced-resolve": "enhanced-resolve@5.12.0",
          "es-module-lexer": "es-module-lexer@0.9.3",
          "eslint-scope": "eslint-scope@5.1.1",
          "events": "events@3.3.0",
          "glob-to-regexp": "glob-to-regexp@0.4.1",
          "graceful-fs": "graceful-fs@4.2.10",
          "json-parse-even-better-errors": "json-parse-even-better-errors@2.3.1",
          "loader-runner": "loader-runner@4.3.0",
          "mime-types": "mime-types@2.1.35",
          "neo-async": "neo-async@2.6.2",
          "schema-utils": "schema-utils@3.1.1_ajv@6.12.6",
          "tapable": "tapable@2.2.1",
          "terser-webpack-plugin": "terser-webpack-plugin@5.3.7_webpack@5.76.1__acorn@8.8.2",
          "watchpack": "watchpack@2.4.0",
          "webpack-sources": "webpack-sources@3.2.3"
        }
      }
    }
  }
}
