{
	"name": "node-root",
	"lockfileVersion": 2,
	"requires": true,
	"packages": {
		"": {
			"dependencies": {
				"react": "^18.2.0",
				"react-dom": "^18.2.0",
				"react-server-dom-webpack": "0.0.0-experimental-b72ed698f-20230303"
			}
		},
		"node_modules/acorn": {
			"version": "6.4.2",
			"resolved": "https://registry.npmjs.org/acorn/-/acorn-6.4.2.tgz",
			"integrity": "sha512-XtGIhXwF8YM8bJhGxG5kXgjkEuNGLTkoYqVE+KMR+aspr4KGYmKYg7yUe3KghyQ9yheNwLnjmzh/7+gfDBmHCQ==",
			"bin": {
				"acorn": "bin/acorn"
			},
			"engines": {
				"node": ">=0.4.0"
			}
		},
		"node_modules/js-tokens": {
			"version": "4.0.0",
			"resolved": "https://registry.npmjs.org/js-tokens/-/js-tokens-4.0.0.tgz",
			"integrity": "sha512-RdJUflcE3cUzKiMqQgsCu06FPu9UdIJO0beYbPhHN4k6apgJtifcoCtT9bcxOpYBtpD2kCM6Sbzg4CausW/PKQ=="
		},
		"node_modules/loose-envify": {
			"version": "1.4.0",
			"resolved": "https://registry.npmjs.org/loose-envify/-/loose-envify-1.4.0.tgz",
			"integrity": "sha512-lyuxPGr/Wfhrlem2CL/UcnUc1zcqKAImBDzukY7Y5F/yQiNdko6+fRLevlw1HgMySw7f611UIY408EtxRSoK3Q==",
			"dependencies": {
				"js-tokens": "^3.0.0 || ^4.0.0"
			},
			"bin": {
				"loose-envify": "cli.js"
			}
		},
		"node_modules/neo-async": {
			"version": "2.6.2",
			"resolved": "https://registry.npmjs.org/neo-async/-/neo-async-2.6.2.tgz",
			"integrity": "sha512-Yd3UES5mWCSqR+qNT93S3UoYUkqAZ9lLg8a7g9rimsWmYGK8cVToA4/sF3RrshdyV3sAGMXVUmpMYOw+dLpOuw=="
		},
		"node_modules/react": {
			"version": "18.2.0",
			"resolved": "https://registry.npmjs.org/react/-/react-18.2.0.tgz",
			"integrity": "sha512-/3IjMdb2L9QbBdWiW5e3P2/npwMBaU9mHCSCUzNln0ZCYbcfTsGbTJrU/kGemdH2IWmB2ioZ+zkxtmq6g09fGQ==",
			"dependencies": {
				"loose-envify": "^1.1.0"
			},
			"engines": {
				"node": ">=0.10.0"
			}
		},
		"node_modules/react-dom": {
			"version": "18.2.0",
			"resolved": "https://registry.npmjs.org/react-dom/-/react-dom-18.2.0.tgz",
			"integrity": "sha512-6IMTriUmvsjHUjNtEDudZfuDQUoWXVxKHhlEGSk81n4YFS+r/Kl99wXiwlVXtPBtJenozv2P+hxDsw9eA7Xo6g==",
			"dependencies": {
				"loose-envify": "^1.1.0",
				"scheduler": "^0.23.0"
			},
			"peerDependencies": {
				"react": "^18.2.0"
			}
		},
		"node_modules/react-server-dom-webpack": {
			"version": "0.0.0-experimental-b72ed698f-20230303",
			"resolved": "https://registry.npmjs.org/react-server-dom-webpack/-/react-server-dom-webpack-0.0.0-experimental-b72ed698f-20230303.tgz",
			"integrity": "sha512-kw/HVGWb3jFmZEs5slfJ3EhmyIELivELs8ANvqU26CGNksz0Fj+k9xP+cWtKM3ZH8h2+tEPGLaewWpGEIo3/Qg==",
			"dependencies": {
				"acorn": "^6.2.1",
				"loose-envify": "^1.1.0",
				"neo-async": "^2.6.1"
			},
			"engines": {
				"node": ">=0.10.0"
			},
			"peerDependencies": {
				"react": "0.0.0-experimental-b72ed698f-20230303",
				"react-dom": "0.0.0-experimental-b72ed698f-20230303",
				"webpack": "^5.59.0"
			}
		},
		"node_modules/scheduler": {
			"version": "0.23.0",
			"resolved": "https://registry.npmjs.org/scheduler/-/scheduler-0.23.0.tgz",
			"integrity": "sha512-CtuThmgHNg7zIZWAXi3AsyIzA3n4xx7aNyjwC2VJldO2LMVDhFK+63xGqq6CsJH4rTAt6/M+N4GhZiDYPx9eUw==",
			"dependencies": {
				"loose-envify": "^1.1.0"
			}
		}
	},
	"dependencies": {
		"acorn": {
			"version": "6.4.2",
			"resolved": "https://registry.npmjs.org/acorn/-/acorn-6.4.2.tgz",
			"integrity": "sha512-XtGIhXwF8YM8bJhGxG5kXgjkEuNGLTkoYqVE+KMR+aspr4KGYmKYg7yUe3KghyQ9yheNwLnjmzh/7+gfDBmHCQ=="
		},
		"js-tokens": {
			"version": "4.0.0",
			"resolved": "https://registry.npmjs.org/js-tokens/-/js-tokens-4.0.0.tgz",
			"integrity": "sha512-RdJUflcE3cUzKiMqQgsCu06FPu9UdIJO0beYbPhHN4k6apgJtifcoCtT9bcxOpYBtpD2kCM6Sbzg4CausW/PKQ=="
		},
		"loose-envify": {
			"version": "1.4.0",
			"resolved": "https://registry.npmjs.org/loose-envify/-/loose-envify-1.4.0.tgz",
			"integrity": "sha512-lyuxPGr/Wfhrlem2CL/UcnUc1zcqKAImBDzukY7Y5F/yQiNdko6+fRLevlw1HgMySw7f611UIY408EtxRSoK3Q==",
			"requires": {
				"js-tokens": "^3.0.0 || ^4.0.0"
			}
		},
		"neo-async": {
			"version": "2.6.2",
			"resolved": "https://registry.npmjs.org/neo-async/-/neo-async-2.6.2.tgz",
			"integrity": "sha512-Yd3UES5mWCSqR+qNT93S3UoYUkqAZ9lLg8a7g9rimsWmYGK8cVToA4/sF3RrshdyV3sAGMXVUmpMYOw+dLpOuw=="
		},
		"react": {
			"version": "18.2.0",
			"resolved": "https://registry.npmjs.org/react/-/react-18.2.0.tgz",
			"integrity": "sha512-/3IjMdb2L9QbBdWiW5e3P2/npwMBaU9mHCSCUzNln0ZCYbcfTsGbTJrU/kGemdH2IWmB2ioZ+zkxtmq6g09fGQ==",
			"requires": {
				"loose-envify": "^1.1.0"
			}
		},
		"react-dom": {
			"version": "18.2.0",
			"resolved": "https://registry.npmjs.org/react-dom/-/react-dom-18.2.0.tgz",
			"integrity": "sha512-6IMTriUmvsjHUjNtEDudZfuDQUoWXVxKHhlEGSk81n4YFS+r/Kl99wXiwlVXtPBtJenozv2P+hxDsw9eA7Xo6g==",
			"requires": {
				"loose-envify": "^1.1.0",
				"scheduler": "^0.23.0"
			}
		},
		"react-server-dom-webpack": {
			"version": "0.0.0-experimental-b72ed698f-20230303",
			"resolved": "https://registry.npmjs.org/react-server-dom-webpack/-/react-server-dom-webpack-0.0.0-experimental-b72ed698f-20230303.tgz",
			"integrity": "sha512-kw/HVGWb3jFmZEs5slfJ3EhmyIELivELs8ANvqU26CGNksz0Fj+k9xP+cWtKM3ZH8h2+tEPGLaewWpGEIo3/Qg==",
			"requires": {
				"acorn": "^6.2.1",
				"loose-envify": "^1.1.0",
				"neo-async": "^2.6.1"
			}
		},
		"scheduler": {
			"version": "0.23.0",
			"resolved": "https://registry.npmjs.org/scheduler/-/scheduler-0.23.0.tgz",
			"integrity": "sha512-CtuThmgHNg7zIZWAXi3AsyIzA3n4xx7aNyjwC2VJldO2LMVDhFK+63xGqq6CsJH4rTAt6/M+N4GhZiDYPx9eUw==",
			"requires": {
				"loose-envify": "^1.1.0"
			}
		}
	}
}
