lockfileVersion: 5.4

specifiers:
  react: ^18.2.0
  react-dom: ^18.2.0
  react-server-dom-webpack: 0.0.0-experimental-b72ed698f-20230303

dependencies:
  react: 18.2.0
  react-dom: 18.2.0_react@18.2.0
  react-server-dom-webpack: 0.0.0-experimental-b72ed698f-20230303_biqbaboplfbrettd7655fr4n2y

packages:

  /acorn/6.4.2:
    resolution: {integrity: sha512-XtGIhXwF8YM8bJhGxG5kXgjkEuNGLTkoYqVE+KMR+aspr4KGYmKYg7yUe3KghyQ9yheNwLnjmzh/7+gfDBmHCQ==}
    engines: {node: '>=0.4.0'}
    hasBin: true
    dev: false

  /js-tokens/4.0.0:
    resolution: {integrity: sha512-RdJUflcE3cUzKiMqQgsCu06FPu9UdIJO0beYbPhHN4k6apgJtifcoCtT9bcxOpYBtpD2kCM6Sbzg4CausW/PKQ==}
    dev: false

  /loose-envify/1.4.0:
    resolution: {integrity: sha512-lyuxPGr/Wfhrlem2CL/UcnUc1zcqKAImBDzukY7Y5F/yQiNdko6+fRLevlw1HgMySw7f611UIY408EtxRSoK3Q==}
    hasBin: true
    dependencies:
      js-tokens: 4.0.0
    dev: false

  /neo-async/2.6.2:
    resolution: {integrity: sha512-Yd3UES5mWCSqR+qNT93S3UoYUkqAZ9lLg8a7g9rimsWmYGK8cVToA4/sF3RrshdyV3sAGMXVUmpMYOw+dLpOuw==}
    dev: false

  /react-dom/18.2.0_react@18.2.0:
    resolution: {integrity: sha512-6IMTriUmvsjHUjNtEDudZfuDQUoWXVxKHhlEGSk81n4YFS+r/Kl99wXiwlVXtPBtJenozv2P+hxDsw9eA7Xo6g==}
    peerDependencies:
      react: ^18.2.0
    dependencies:
      loose-envify: 1.4.0
      react: 18.2.0
      scheduler: 0.23.0
    dev: false

  /react-server-dom-webpack/0.0.0-experimental-b72ed698f-20230303_biqbaboplfbrettd7655fr4n2y:
    resolution: {integrity: sha512-kw/HVGWb3jFmZEs5slfJ3EhmyIELivELs8ANvqU26CGNksz0Fj+k9xP+cWtKM3ZH8h2+tEPGLaewWpGEIo3/Qg==}
    engines: {node: '>=0.10.0'}
    peerDependencies:
      react: 0.0.0-experimental-b72ed698f-20230303
      react-dom: 0.0.0-experimental-b72ed698f-20230303
      webpack: ^5.59.0
    dependencies:
      acorn: 6.4.2
      loose-envify: 1.4.0
      neo-async: 2.6.2
      react: 18.2.0
      react-dom: 18.2.0_react@18.2.0
    dev: false

  /react/18.2.0:
    resolution: {integrity: sha512-/3IjMdb2L9QbBdWiW5e3P2/npwMBaU9mHCSCUzNln0ZCYbcfTsGbTJrU/kGemdH2IWmB2ioZ+zkxtmq6g09fGQ==}
    engines: {node: '>=0.10.0'}
    dependencies:
      loose-envify: 1.4.0
    dev: false

  /scheduler/0.23.0:
    resolution: {integrity: sha512-CtuThmgHNg7zIZWAXi3AsyIzA3n4xx7aNyjwC2VJldO2LMVDhFK+63xGqq6CsJH4rTAt6/M+N4GhZiDYPx9eUw==}
    dependencies:
      loose-envify: 1.4.0
    dev: false
